
Microsoft Visual Studio Solution File, Format Version 12.00
# Visual Studio 2013
VisualStudioVersion = 12.0.31101.0
MinimumVisualStudioVersion = 10.0.40219.1
Project("{FAE04EC0-301F-11D3-BF4B-00C04F79EFBC}") = "TestePratico.Web", "TestePratico.Web\TestePratico.Web.csproj", "{C881C4DD-7C9E-41B8-9AEC-43ED0E637A6B}"
EndProject
Project("{FAE04EC0-301F-11D3-BF4B-00C04F79EFBC}") = "TestePratico.Application", "TestePratico.Application\TestePratico.Application.csproj", "{8E34BC8E-C635-4612-B465-B2B0E89A08C1}"
EndProject
Project("{FAE04EC0-301F-11D3-BF4B-00C04F79EFBC}") = "TestePratico.Domain", "TestePratico.Domain\TestePratico.Domain.csproj", "{45B47174-CF1A-400E-908E-4299BFFEDB8A}"
EndProject
Project("{FAE04EC0-301F-11D3-BF4B-00C04F79EFBC}") = "TestePratico.Data", "TestePratico.Data\TestePratico.Data.csproj", "{FEF15CE6-680D-45FC-AFB6-A97AE8C481E1}"
EndProject
Project("{FAE04EC0-301F-11D3-BF4B-00C04F79EFBC}") = "TestePratico.Commom", "TestePratico.Commom\TestePratico.Commom.csproj", "{EC191D33-AB43-45C4-9AEC-B7DB8B8F8688}"
EndProject
Global
	GlobalSection(SolutionConfigurationPlatforms) = preSolution
		Debug|Any CPU = Debug|Any CPU
		Release|Any CPU = Release|Any CPU
	EndGlobalSection
	GlobalSection(ProjectConfigurationPlatforms) = postSolution
		{C881C4DD-7C9E-41B8-9AEC-43ED0E637A6B}.Debug|Any CPU.ActiveCfg = Debug|Any CPU
		{C881C4DD-7C9E-41B8-9AEC-43ED0E637A6B}.Debug|Any CPU.Build.0 = Debug|Any CPU
		{C881C4DD-7C9E-41B8-9AEC-43ED0E637A6B}.Release|Any CPU.ActiveCfg = Release|Any CPU
		{C881C4DD-7C9E-41B8-9AEC-43ED0E637A6B}.Release|Any CPU.Build.0 = Release|Any CPU
		{8E34BC8E-C635-4612-B465-B2B0E89A08C1}.Debug|Any CPU.ActiveCfg = Debug|Any CPU
		{8E34BC8E-C635-4612-B465-B2B0E89A08C1}.Debug|Any CPU.Build.0 = Debug|Any CPU
		{8E34BC8E-C635-4612-B465-B2B0E89A08C1}.Release|Any CPU.ActiveCfg = Release|Any CPU
		{8E34BC8E-C635-4612-B465-B2B0E89A08C1}.Release|Any CPU.Build.0 = Release|Any CPU
		{45B47174-CF1A-400E-908E-4299BFFEDB8A}.Debug|Any CPU.ActiveCfg = Debug|Any CPU
		{45B47174-CF1A-400E-908E-4299BFFEDB8A}.Debug|Any CPU.Build.0 = Debug|Any CPU
		{45B47174-CF1A-400E-908E-4299BFFEDB8A}.Release|Any CPU.ActiveCfg = Release|Any CPU
		{45B47174-CF1A-400E-908E-4299BFFEDB8A}.Release|Any CPU.Build.0 = Release|Any CPU
		{FEF15CE6-680D-45FC-AFB6-A97AE8C481E1}.Debug|Any CPU.ActiveCfg = Debug|Any CPU
		{FEF15CE6-680D-45FC-AFB6-A97AE8C481E1}.Debug|Any CPU.Build.0 = Debug|Any CPU
		{FEF15CE6-680D-45FC-AFB6-A97AE8C481E1}.Release|Any CPU.ActiveCfg = Release|Any CPU
		{FEF15CE6-680D-45FC-AFB6-A97AE8C481E1}.Release|Any CPU.Build.0 = Release|Any CPU
		{EC191D33-AB43-45C4-9AEC-B7DB8B8F8688}.Debug|Any CPU.ActiveCfg = Debug|Any CPU
		{EC191D33-AB43-45C4-9AEC-B7DB8B8F8688}.Debug|Any CPU.Build.0 = Debug|Any CPU
		{EC191D33-AB43-45C4-9AEC-B7DB8B8F8688}.Release|Any CPU.ActiveCfg = Release|Any CPU
		{EC191D33-AB43-45C4-9AEC-B7DB8B8F8688}.Release|Any CPU.Build.0 = Release|Any CPU
	EndGlobalSection
	GlobalSection(SolutionProperties) = preSolution
		HideSolutionNode = FALSE
	EndGlobalSection
EndGlobal
